
Microsoft Visual Studio Solution File, Format Version 12.00
# Visual Studio 15
VisualStudioVersion = 15.0.27004.2005
MinimumVisualStudioVersion = 10.0.40219.1
Project("{FAE04EC0-301F-11D3-BF4B-00C04F79EFBC}") = "RichGrassHopper.CoreLib", "CoreLib\RichGrassHopper.CoreLib.csproj", "{0D3C052E-AD95-4AE9-97B4-1A58CBD113E9}"
EndProject
Project("{FAE04EC0-301F-11D3-BF4B-00C04F79EFBC}") = "CacheServerForms", "CacheServerForms\CacheServerForms.csproj", "{2DF7AD0B-5438-446D-89D6-02F69A8DE14E}"
EndProject
Project("{FAE04EC0-301F-11D3-BF4B-00C04F79EFBC}") = "Client", "Client\Client.csproj", "{FC1F4630-D419-4C02-923D-5D906EE3DE09}"
	ProjectSection(ProjectDependencies) = postProject
		{17089713-2E2D-4123-A1F6-913913F79ED1} = {17089713-2E2D-4123-A1F6-913913F79ED1}
	EndProjectSection
EndProject
Project("{FAE04EC0-301F-11D3-BF4B-00C04F79EFBC}") = "Scriping", "Scriping\Scriping.csproj", "{74DCF45F-0D9E-4CFC-86C9-CFA8E47D2BCE}"
	ProjectSection(ProjectDependencies) = postProject
		{0D3C052E-AD95-4AE9-97B4-1A58CBD113E9} = {0D3C052E-AD95-4AE9-97B4-1A58CBD113E9}
	EndProjectSection
EndProject
Project("{8BC9CEB8-8B4A-11D0-8D11-00A0C91BC942}") = "TorrentInterface", "TorrentInterface\TorrentInterface.vcxproj", "{17089713-2E2D-4123-A1F6-913913F79ED1}"
EndProject
Project("{2150E333-8FDC-42A3-9474-1A3956D46DE8}") = "Solution Items", "Solution Items", "{DE15D379-02C8-485F-B955-5E52C68F97C4}"
EndProject
Project("{FAE04EC0-301F-11D3-BF4B-00C04F79EFBC}") = "CacheServer_Test", "CacheServer_Test\CacheServer_Test.csproj", "{C3A42338-636B-4882-B769-DCF4F41CF13D}"
EndProject
Project("{FAE04EC0-301F-11D3-BF4B-00C04F79EFBC}") = "CacheServerSystem", "CacheServerSystem\CacheServerSystem.csproj", "{3D61A006-2F4A-4D64-B826-02453AAD9144}"
EndProject
Global
	GlobalSection(SolutionConfigurationPlatforms) = preSolution
		Debug|Any CPU = Debug|Any CPU
		Debug|x64 = Debug|x64
		Debug|x86 = Debug|x86
		Release|Any CPU = Release|Any CPU
		Release|x64 = Release|x64
		Release|x86 = Release|x86
		Stats|Any CPU = Stats|Any CPU
		Stats|x64 = Stats|x64
		Stats|x86 = Stats|x86
	EndGlobalSection
	GlobalSection(ProjectConfigurationPlatforms) = postSolution
		{0D3C052E-AD95-4AE9-97B4-1A58CBD113E9}.Debug|Any CPU.ActiveCfg = Debug|Any CPU
		{0D3C052E-AD95-4AE9-97B4-1A58CBD113E9}.Debug|Any CPU.Build.0 = Debug|Any CPU
		{0D3C052E-AD95-4AE9-97B4-1A58CBD113E9}.Debug|x64.ActiveCfg = Debug|Any CPU
		{0D3C052E-AD95-4AE9-97B4-1A58CBD113E9}.Debug|x64.Build.0 = Debug|Any CPU
		{0D3C052E-AD95-4AE9-97B4-1A58CBD113E9}.Debug|x86.ActiveCfg = Debug|Any CPU
		{0D3C052E-AD95-4AE9-97B4-1A58CBD113E9}.Debug|x86.Build.0 = Debug|Any CPU
		{0D3C052E-AD95-4AE9-97B4-1A58CBD113E9}.Release|Any CPU.ActiveCfg = Release|Any CPU
		{0D3C052E-AD95-4AE9-97B4-1A58CBD113E9}.Release|Any CPU.Build.0 = Release|Any CPU
		{0D3C052E-AD95-4AE9-97B4-1A58CBD113E9}.Release|x64.ActiveCfg = Release|Any CPU
		{0D3C052E-AD95-4AE9-97B4-1A58CBD113E9}.Release|x64.Build.0 = Release|Any CPU
		{0D3C052E-AD95-4AE9-97B4-1A58CBD113E9}.Release|x86.ActiveCfg = Release|Any CPU
		{0D3C052E-AD95-4AE9-97B4-1A58CBD113E9}.Release|x86.Build.0 = Release|Any CPU
		{0D3C052E-AD95-4AE9-97B4-1A58CBD113E9}.Stats|Any CPU.ActiveCfg = Release|Any CPU
		{0D3C052E-AD95-4AE9-97B4-1A58CBD113E9}.Stats|Any CPU.Build.0 = Release|Any CPU
		{0D3C052E-AD95-4AE9-97B4-1A58CBD113E9}.Stats|x64.ActiveCfg = Release|Any CPU
		{0D3C052E-AD95-4AE9-97B4-1A58CBD113E9}.Stats|x64.Build.0 = Release|Any CPU
		{0D3C052E-AD95-4AE9-97B4-1A58CBD113E9}.Stats|x86.ActiveCfg = Release|Any CPU
		{0D3C052E-AD95-4AE9-97B4-1A58CBD113E9}.Stats|x86.Build.0 = Release|Any CPU
		{2DF7AD0B-5438-446D-89D6-02F69A8DE14E}.Debug|Any CPU.ActiveCfg = Debug|Any CPU
		{2DF7AD0B-5438-446D-89D6-02F69A8DE14E}.Debug|Any CPU.Build.0 = Debug|Any CPU
		{2DF7AD0B-5438-446D-89D6-02F69A8DE14E}.Debug|x64.ActiveCfg = Debug|Any CPU
		{2DF7AD0B-5438-446D-89D6-02F69A8DE14E}.Debug|x64.Build.0 = Debug|Any CPU
		{2DF7AD0B-5438-446D-89D6-02F69A8DE14E}.Debug|x86.ActiveCfg = Debug|Any CPU
		{2DF7AD0B-5438-446D-89D6-02F69A8DE14E}.Debug|x86.Build.0 = Debug|Any CPU
		{2DF7AD0B-5438-446D-89D6-02F69A8DE14E}.Release|Any CPU.ActiveCfg = Release|Any CPU
		{2DF7AD0B-5438-446D-89D6-02F69A8DE14E}.Release|Any CPU.Build.0 = Release|Any CPU
		{2DF7AD0B-5438-446D-89D6-02F69A8DE14E}.Release|x64.ActiveCfg = Release|Any CPU
		{2DF7AD0B-5438-446D-89D6-02F69A8DE14E}.Release|x64.Build.0 = Release|Any CPU
		{2DF7AD0B-5438-446D-89D6-02F69A8DE14E}.Release|x86.ActiveCfg = Release|Any CPU
		{2DF7AD0B-5438-446D-89D6-02F69A8DE14E}.Release|x86.Build.0 = Release|Any CPU
		{2DF7AD0B-5438-446D-89D6-02F69A8DE14E}.Stats|Any CPU.ActiveCfg = Release|Any CPU
		{2DF7AD0B-5438-446D-89D6-02F69A8DE14E}.Stats|Any CPU.Build.0 = Release|Any CPU
		{2DF7AD0B-5438-446D-89D6-02F69A8DE14E}.Stats|x64.ActiveCfg = Release|Any CPU
		{2DF7AD0B-5438-446D-89D6-02F69A8DE14E}.Stats|x64.Build.0 = Release|Any CPU
		{2DF7AD0B-5438-446D-89D6-02F69A8DE14E}.Stats|x86.ActiveCfg = Release|Any CPU
		{2DF7AD0B-5438-446D-89D6-02F69A8DE14E}.Stats|x86.Build.0 = Release|Any CPU
		{FC1F4630-D419-4C02-923D-5D906EE3DE09}.Debug|Any CPU.ActiveCfg = Debug|Any CPU
		{FC1F4630-D419-4C02-923D-5D906EE3DE09}.Debug|Any CPU.Build.0 = Debug|Any CPU
		{FC1F4630-D419-4C02-923D-5D906EE3DE09}.Debug|x64.ActiveCfg = Debug|Any CPU
		{FC1F4630-D419-4C02-923D-5D906EE3DE09}.Debug|x64.Build.0 = Debug|Any CPU
		{FC1F4630-D419-4C02-923D-5D906EE3DE09}.Debug|x86.ActiveCfg = Debug|Any CPU
		{FC1F4630-D419-4C02-923D-5D906EE3DE09}.Debug|x86.Build.0 = Debug|Any CPU
		{FC1F4630-D419-4C02-923D-5D906EE3DE09}.Release|Any CPU.ActiveCfg = Release|Any CPU
		{FC1F4630-D419-4C02-923D-5D906EE3DE09}.Release|Any CPU.Build.0 = Release|Any CPU
		{FC1F4630-D419-4C02-923D-5D906EE3DE09}.Release|x64.ActiveCfg = Release|Any CPU
		{FC1F4630-D419-4C02-923D-5D906EE3DE09}.Release|x64.Build.0 = Release|Any CPU
		{FC1F4630-D419-4C02-923D-5D906EE3DE09}.Release|x86.ActiveCfg = Release|Any CPU
		{FC1F4630-D419-4C02-923D-5D906EE3DE09}.Release|x86.Build.0 = Release|Any CPU
		{FC1F4630-D419-4C02-923D-5D906EE3DE09}.Stats|Any CPU.ActiveCfg = Release|Any CPU
		{FC1F4630-D419-4C02-923D-5D906EE3DE09}.Stats|Any CPU.Build.0 = Release|Any CPU
		{FC1F4630-D419-4C02-923D-5D906EE3DE09}.Stats|x64.ActiveCfg = Release|Any CPU
		{FC1F4630-D419-4C02-923D-5D906EE3DE09}.Stats|x64.Build.0 = Release|Any CPU
		{FC1F4630-D419-4C02-923D-5D906EE3DE09}.Stats|x86.ActiveCfg = Release|Any CPU
		{FC1F4630-D419-4C02-923D-5D906EE3DE09}.Stats|x86.Build.0 = Release|Any CPU
		{74DCF45F-0D9E-4CFC-86C9-CFA8E47D2BCE}.Debug|Any CPU.ActiveCfg = Debug|Any CPU
		{74DCF45F-0D9E-4CFC-86C9-CFA8E47D2BCE}.Debug|Any CPU.Build.0 = Debug|Any CPU
		{74DCF45F-0D9E-4CFC-86C9-CFA8E47D2BCE}.Debug|x64.ActiveCfg = Debug|Any CPU
		{74DCF45F-0D9E-4CFC-86C9-CFA8E47D2BCE}.Debug|x64.Build.0 = Debug|Any CPU
		{74DCF45F-0D9E-4CFC-86C9-CFA8E47D2BCE}.Debug|x86.ActiveCfg = Debug|Any CPU
		{74DCF45F-0D9E-4CFC-86C9-CFA8E47D2BCE}.Debug|x86.Build.0 = Debug|Any CPU
		{74DCF45F-0D9E-4CFC-86C9-CFA8E47D2BCE}.Release|Any CPU.ActiveCfg = Release|Any CPU
		{74DCF45F-0D9E-4CFC-86C9-CFA8E47D2BCE}.Release|Any CPU.Build.0 = Release|Any CPU
		{74DCF45F-0D9E-4CFC-86C9-CFA8E47D2BCE}.Release|x64.ActiveCfg = Release|Any CPU
		{74DCF45F-0D9E-4CFC-86C9-CFA8E47D2BCE}.Release|x64.Build.0 = Release|Any CPU
		{74DCF45F-0D9E-4CFC-86C9-CFA8E47D2BCE}.Release|x86.ActiveCfg = Release|Any CPU
		{74DCF45F-0D9E-4CFC-86C9-CFA8E47D2BCE}.Release|x86.Build.0 = Release|Any CPU
		{74DCF45F-0D9E-4CFC-86C9-CFA8E47D2BCE}.Stats|Any CPU.ActiveCfg = Release|Any CPU
		{74DCF45F-0D9E-4CFC-86C9-CFA8E47D2BCE}.Stats|Any CPU.Build.0 = Release|Any CPU
		{74DCF45F-0D9E-4CFC-86C9-CFA8E47D2BCE}.Stats|x64.ActiveCfg = Release|Any CPU
		{74DCF45F-0D9E-4CFC-86C9-CFA8E47D2BCE}.Stats|x64.Build.0 = Release|Any CPU
		{74DCF45F-0D9E-4CFC-86C9-CFA8E47D2BCE}.Stats|x86.ActiveCfg = Release|Any CPU
		{74DCF45F-0D9E-4CFC-86C9-CFA8E47D2BCE}.Stats|x86.Build.0 = Release|Any CPU
		{17089713-2E2D-4123-A1F6-913913F79ED1}.Debug|Any CPU.ActiveCfg = Debug|Win32
		{17089713-2E2D-4123-A1F6-913913F79ED1}.Debug|x64.ActiveCfg = Debug|x64
		{17089713-2E2D-4123-A1F6-913913F79ED1}.Debug|x64.Build.0 = Debug|x64
		{17089713-2E2D-4123-A1F6-913913F79ED1}.Debug|x86.ActiveCfg = Debug|Win32
		{17089713-2E2D-4123-A1F6-913913F79ED1}.Debug|x86.Build.0 = Debug|Win32
		{17089713-2E2D-4123-A1F6-913913F79ED1}.Release|Any CPU.ActiveCfg = Release|Win32
		{17089713-2E2D-4123-A1F6-913913F79ED1}.Release|x64.ActiveCfg = Release|x64
		{17089713-2E2D-4123-A1F6-913913F79ED1}.Release|x64.Build.0 = Release|x64
		{17089713-2E2D-4123-A1F6-913913F79ED1}.Release|x86.ActiveCfg = Release|Win32
		{17089713-2E2D-4123-A1F6-913913F79ED1}.Release|x86.Build.0 = Release|Win32
		{17089713-2E2D-4123-A1F6-913913F79ED1}.Stats|Any CPU.ActiveCfg = Release|x64
		{17089713-2E2D-4123-A1F6-913913F79ED1}.Stats|Any CPU.Build.0 = Release|x64
		{17089713-2E2D-4123-A1F6-913913F79ED1}.Stats|x64.ActiveCfg = Release|x64
		{17089713-2E2D-4123-A1F6-913913F79ED1}.Stats|x64.Build.0 = Release|x64
		{17089713-2E2D-4123-A1F6-913913F79ED1}.Stats|x86.ActiveCfg = Release|Win32
		{17089713-2E2D-4123-A1F6-913913F79ED1}.Stats|x86.Build.0 = Release|Win32
		{C3A42338-636B-4882-B769-DCF4F41CF13D}.Debug|Any CPU.ActiveCfg = Debug|Any CPU
		{C3A42338-636B-4882-B769-DCF4F41CF13D}.Debug|Any CPU.Build.0 = Debug|Any CPU
		{C3A42338-636B-4882-B769-DCF4F41CF13D}.Debug|x64.ActiveCfg = Debug|Any CPU
		{C3A42338-636B-4882-B769-DCF4F41CF13D}.Debug|x64.Build.0 = Debug|Any CPU
		{C3A42338-636B-4882-B769-DCF4F41CF13D}.Debug|x86.ActiveCfg = Debug|Any CPU
		{C3A42338-636B-4882-B769-DCF4F41CF13D}.Debug|x86.Build.0 = Debug|Any CPU
		{C3A42338-636B-4882-B769-DCF4F41CF13D}.Release|Any CPU.ActiveCfg = Release|Any CPU
		{C3A42338-636B-4882-B769-DCF4F41CF13D}.Release|Any CPU.Build.0 = Release|Any CPU
		{C3A42338-636B-4882-B769-DCF4F41CF13D}.Release|x64.ActiveCfg = Release|Any CPU
		{C3A42338-636B-4882-B769-DCF4F41CF13D}.Release|x64.Build.0 = Release|Any CPU
		{C3A42338-636B-4882-B769-DCF4F41CF13D}.Release|x86.ActiveCfg = Release|Any CPU
		{C3A42338-636B-4882-B769-DCF4F41CF13D}.Release|x86.Build.0 = Release|Any CPU
		{C3A42338-636B-4882-B769-DCF4F41CF13D}.Stats|Any CPU.ActiveCfg = Release|Any CPU
		{C3A42338-636B-4882-B769-DCF4F41CF13D}.Stats|Any CPU.Build.0 = Release|Any CPU
		{C3A42338-636B-4882-B769-DCF4F41CF13D}.Stats|x64.ActiveCfg = Release|Any CPU
		{C3A42338-636B-4882-B769-DCF4F41CF13D}.Stats|x64.Build.0 = Release|Any CPU
		{C3A42338-636B-4882-B769-DCF4F41CF13D}.Stats|x86.ActiveCfg = Release|Any CPU
		{C3A42338-636B-4882-B769-DCF4F41CF13D}.Stats|x86.Build.0 = Release|Any CPU
		{3D61A006-2F4A-4D64-B826-02453AAD9144}.Debug|Any CPU.ActiveCfg = Debug|Any CPU
		{3D61A006-2F4A-4D64-B826-02453AAD9144}.Debug|Any CPU.Build.0 = Debug|Any CPU
		{3D61A006-2F4A-4D64-B826-02453AAD9144}.Debug|x64.ActiveCfg = Debug|Any CPU
		{3D61A006-2F4A-4D64-B826-02453AAD9144}.Debug|x64.Build.0 = Debug|Any CPU
		{3D61A006-2F4A-4D64-B826-02453AAD9144}.Debug|x86.ActiveCfg = Debug|Any CPU
		{3D61A006-2F4A-4D64-B826-02453AAD9144}.Debug|x86.Build.0 = Debug|Any CPU
		{3D61A006-2F4A-4D64-B826-02453AAD9144}.Release|Any CPU.ActiveCfg = Release|Any CPU
		{3D61A006-2F4A-4D64-B826-02453AAD9144}.Release|Any CPU.Build.0 = Release|Any CPU
		{3D61A006-2F4A-4D64-B826-02453AAD9144}.Release|x64.ActiveCfg = Release|Any CPU
		{3D61A006-2F4A-4D64-B826-02453AAD9144}.Release|x64.Build.0 = Release|Any CPU
		{3D61A006-2F4A-4D64-B826-02453AAD9144}.Release|x86.ActiveCfg = Release|Any CPU
		{3D61A006-2F4A-4D64-B826-02453AAD9144}.Release|x86.Build.0 = Release|Any CPU
		{3D61A006-2F4A-4D64-B826-02453AAD9144}.Stats|Any CPU.ActiveCfg = Release|Any CPU
		{3D61A006-2F4A-4D64-B826-02453AAD9144}.Stats|Any CPU.Build.0 = Release|Any CPU
		{3D61A006-2F4A-4D64-B826-02453AAD9144}.Stats|x64.ActiveCfg = Release|Any CPU
		{3D61A006-2F4A-4D64-B826-02453AAD9144}.Stats|x64.Build.0 = Release|Any CPU
		{3D61A006-2F4A-4D64-B826-02453AAD9144}.Stats|x86.ActiveCfg = Release|Any CPU
		{3D61A006-2F4A-4D64-B826-02453AAD9144}.Stats|x86.Build.0 = Release|Any CPU
	EndGlobalSection
	GlobalSection(SolutionProperties) = preSolution
		HideSolutionNode = FALSE
	EndGlobalSection
	GlobalSection(ExtensibilityGlobals) = postSolution
		SolutionGuid = {B86352E7-EA20-4627-95F2-2201AC4EA18E}
	EndGlobalSection
EndGlobal
