<?xml version="1.0" encoding="utf-8"?>
<Project ToolsVersion="4.0" xmlns="http://schemas.microsoft.com/developer/msbuild/2003">
  <ItemGroup>
    <Filter Include="리소스 파일">
      <UniqueIdentifier>{67DA6AB6-F800-4c08-8B7A-83BB121AAD01}</UniqueIdentifier>
      <Extensions>rc;ico;cur;bmp;dlg;rc2;rct;bin;rgs;gif;jpg;jpeg;jpe;resx;tiff;tif;png;wav;mfcribbon-ms</Extensions>
    </Filter>
    <Filter Include="DllExport">
      <UniqueIdentifier>{2f4094b6-8d7a-4e72-929f-985e0c671fa1}</UniqueIdentifier>
    </Filter>
    <Filter Include="PCH">
      <UniqueIdentifier>{3a407290-1fe8-43b2-964b-c912390a9a05}</UniqueIdentifier>
    </Filter>
    <Filter Include="EngineInterface">
      <UniqueIdentifier>{b343f360-1c5c-40e1-86ca-a4c744aa2f06}</UniqueIdentifier>
    </Filter>
  </ItemGroup>
  <ItemGroup>
    <Text Include="ReadMe.txt" />
  </ItemGroup>
  <ItemGroup>
    <ClInclude Include="dllexport.h">
      <Filter>DllExport</Filter>
    </ClInclude>
    <ClInclude Include="stdafx.h">
      <Filter>PCH</Filter>
    </ClInclude>
    <ClInclude Include="targetver.h" />
    <ClInclude Include="EngineInterface.h">
      <Filter>EngineInterface</Filter>
    </ClInclude>
    <ClInclude Include="BinaryWriter.h" />
    <ClInclude Include="Torrent.h">
      <Filter>EngineInterface</Filter>
    </ClInclude>
  </ItemGroup>
  <ItemGroup>
    <ClCompile Include="dllexport.cpp">
      <Filter>DllExport</Filter>
    </ClCompile>
    <ClCompile Include="stdafx.cpp">
      <Filter>PCH</Filter>
    </ClCompile>
    <ClCompile Include="EngineInterface.cpp">
      <Filter>EngineInterface</Filter>
    </ClCompile>
    <ClCompile Include="Torrent.cpp">
      <Filter>EngineInterface</Filter>
    </ClCompile>
  </ItemGroup>
</Project>