<?xml version="1.0" encoding="utf-8"?>
<Project ToolsVersion="4.0" xmlns="http://schemas.microsoft.com/developer/msbuild/2003">
  <ItemGroup>
    <Filter Include="소스 파일">
      <UniqueIdentifier>{4FC737F1-C7A5-4376-A066-2A32D752A2FF}</UniqueIdentifier>
      <Extensions>cpp;c;cc;cxx;def;odl;idl;hpj;bat;asm;asmx</Extensions>
    </Filter>
    <Filter Include="헤더 파일">
      <UniqueIdentifier>{93995380-89BD-4b04-88EB-625FBE52EBFB}</UniqueIdentifier>
      <Extensions>h;hh;hpp;hxx;hm;inl;inc;xsd</Extensions>
    </Filter>
    <Filter Include="리소스 파일">
      <UniqueIdentifier>{67DA6AB6-F800-4c08-8B7A-83BB121AAD01}</UniqueIdentifier>
      <Extensions>rc;ico;cur;bmp;dlg;rc2;rct;bin;rgs;gif;jpg;jpeg;jpe;resx;tiff;tif;png;wav;mfcribbon-ms</Extensions>
    </Filter>
  </ItemGroup>
  <ItemGroup>
    <Text Include="ReadMe.txt" />
  </ItemGroup>
  <ItemGroup>
    <ClInclude Include="stdafx.h">
      <Filter>헤더 파일</Filter>
    </ClInclude>
    <ClInclude Include="targetver.h">
      <Filter>헤더 파일</Filter>
    </ClInclude>
  </ItemGroup>
  <ItemGroup>
    <ClCompile Include="stdafx.cpp">
      <Filter>소스 파일</Filter>
    </ClCompile>
    <ClCompile Include="Torrent_Test.cpp">
      <Filter>소스 파일</Filter>
    </ClCompile>
    <ClCompile Include="libtorrent\src\alert.cpp">
      <Filter>소스 파일</Filter>
    </ClCompile>
    <ClCompile Include="libtorrent\src\alert_manager.cpp">
      <Filter>소스 파일</Filter>
    </ClCompile>
    <ClCompile Include="libtorrent\src\allocator.cpp">
      <Filter>소스 파일</Filter>
    </ClCompile>
    <ClCompile Include="libtorrent\src\announce_entry.cpp">
      <Filter>소스 파일</Filter>
    </ClCompile>
    <ClCompile Include="libtorrent\src\assert.cpp">
      <Filter>소스 파일</Filter>
    </ClCompile>
    <ClCompile Include="libtorrent\src\bandwidth_limit.cpp">
      <Filter>소스 파일</Filter>
    </ClCompile>
    <ClCompile Include="libtorrent\src\bandwidth_manager.cpp">
      <Filter>소스 파일</Filter>
    </ClCompile>
    <ClCompile Include="libtorrent\src\bandwidth_queue_entry.cpp">
      <Filter>소스 파일</Filter>
    </ClCompile>
    <ClCompile Include="libtorrent\src\bdecode.cpp">
      <Filter>소스 파일</Filter>
    </ClCompile>
    <ClCompile Include="libtorrent\src\bitfield.cpp">
      <Filter>소스 파일</Filter>
    </ClCompile>
    <ClCompile Include="libtorrent\src\block_cache.cpp">
      <Filter>소스 파일</Filter>
    </ClCompile>
    <ClCompile Include="libtorrent\src\bloom_filter.cpp">
      <Filter>소스 파일</Filter>
    </ClCompile>
    <ClCompile Include="libtorrent\src\broadcast_socket.cpp">
      <Filter>소스 파일</Filter>
    </ClCompile>
    <ClCompile Include="libtorrent\src\bt_peer_connection.cpp">
      <Filter>소스 파일</Filter>
    </ClCompile>
    <ClCompile Include="libtorrent\src\chained_buffer.cpp">
      <Filter>소스 파일</Filter>
    </ClCompile>
    <ClCompile Include="libtorrent\src\choker.cpp">
      <Filter>소스 파일</Filter>
    </ClCompile>
    <ClCompile Include="libtorrent\src\close_reason.cpp">
      <Filter>소스 파일</Filter>
    </ClCompile>
    <ClCompile Include="libtorrent\src\ConvertUTF.cpp">
      <Filter>소스 파일</Filter>
    </ClCompile>
    <ClCompile Include="libtorrent\src\cpuid.cpp">
      <Filter>소스 파일</Filter>
    </ClCompile>
    <ClCompile Include="libtorrent\src\crc32c.cpp">
      <Filter>소스 파일</Filter>
    </ClCompile>
    <ClCompile Include="libtorrent\src\create_torrent.cpp">
      <Filter>소스 파일</Filter>
    </ClCompile>
    <ClCompile Include="libtorrent\src\disk_buffer_holder.cpp">
      <Filter>소스 파일</Filter>
    </ClCompile>
    <ClCompile Include="libtorrent\src\disk_buffer_pool.cpp">
      <Filter>소스 파일</Filter>
    </ClCompile>
    <ClCompile Include="libtorrent\src\disk_io_job.cpp">
      <Filter>소스 파일</Filter>
    </ClCompile>
    <ClCompile Include="libtorrent\src\disk_io_thread.cpp">
      <Filter>소스 파일</Filter>
    </ClCompile>
    <ClCompile Include="libtorrent\src\disk_job_pool.cpp">
      <Filter>소스 파일</Filter>
    </ClCompile>
    <ClCompile Include="libtorrent\src\entry.cpp">
      <Filter>소스 파일</Filter>
    </ClCompile>
    <ClCompile Include="libtorrent\src\enum_net.cpp">
      <Filter>소스 파일</Filter>
    </ClCompile>
    <ClCompile Include="libtorrent\src\error_code.cpp">
      <Filter>소스 파일</Filter>
    </ClCompile>
    <ClCompile Include="libtorrent\src\escape_string.cpp">
      <Filter>소스 파일</Filter>
    </ClCompile>
    <ClCompile Include="libtorrent\src\file.cpp">
      <Filter>소스 파일</Filter>
    </ClCompile>
    <ClCompile Include="libtorrent\src\file_pool.cpp">
      <Filter>소스 파일</Filter>
    </ClCompile>
    <ClCompile Include="libtorrent\src\file_progress.cpp">
      <Filter>소스 파일</Filter>
    </ClCompile>
    <ClCompile Include="libtorrent\src\file_storage.cpp">
      <Filter>소스 파일</Filter>
    </ClCompile>
    <ClCompile Include="libtorrent\src\fingerprint.cpp">
      <Filter>소스 파일</Filter>
    </ClCompile>
    <ClCompile Include="libtorrent\src\gzip.cpp">
      <Filter>소스 파일</Filter>
    </ClCompile>
    <ClCompile Include="libtorrent\src\hasher.cpp">
      <Filter>소스 파일</Filter>
    </ClCompile>
    <ClCompile Include="libtorrent\src\hex.cpp">
      <Filter>소스 파일</Filter>
    </ClCompile>
    <ClCompile Include="libtorrent\src\http_connection.cpp">
      <Filter>소스 파일</Filter>
    </ClCompile>
    <ClCompile Include="libtorrent\src\http_parser.cpp">
      <Filter>소스 파일</Filter>
    </ClCompile>
    <ClCompile Include="libtorrent\src\http_seed_connection.cpp">
      <Filter>소스 파일</Filter>
    </ClCompile>
    <ClCompile Include="libtorrent\src\http_stream.cpp">
      <Filter>소스 파일</Filter>
    </ClCompile>
    <ClCompile Include="libtorrent\src\http_tracker_connection.cpp">
      <Filter>소스 파일</Filter>
    </ClCompile>
    <ClCompile Include="libtorrent\src\i2p_stream.cpp">
      <Filter>소스 파일</Filter>
    </ClCompile>
    <ClCompile Include="libtorrent\src\identify_client.cpp">
      <Filter>소스 파일</Filter>
    </ClCompile>
    <ClCompile Include="libtorrent\src\instantiate_connection.cpp">
      <Filter>소스 파일</Filter>
    </ClCompile>
    <ClCompile Include="libtorrent\src\ip_filter.cpp">
      <Filter>소스 파일</Filter>
    </ClCompile>
    <ClCompile Include="libtorrent\src\ip_voter.cpp">
      <Filter>소스 파일</Filter>
    </ClCompile>
    <ClCompile Include="libtorrent\src\kademlia\dht_storage.cpp">
      <Filter>소스 파일</Filter>
    </ClCompile>
    <ClCompile Include="libtorrent\src\kademlia\dht_tracker.cpp">
      <Filter>소스 파일</Filter>
    </ClCompile>
    <ClCompile Include="libtorrent\src\kademlia\dos_blocker.cpp">
      <Filter>소스 파일</Filter>
    </ClCompile>
    <ClCompile Include="libtorrent\src\kademlia\find_data.cpp">
      <Filter>소스 파일</Filter>
    </ClCompile>
    <ClCompile Include="libtorrent\src\kademlia\get_item.cpp">
      <Filter>소스 파일</Filter>
    </ClCompile>
    <ClCompile Include="libtorrent\src\kademlia\get_peers.cpp">
      <Filter>소스 파일</Filter>
    </ClCompile>
    <ClCompile Include="libtorrent\src\kademlia\item.cpp">
      <Filter>소스 파일</Filter>
    </ClCompile>
    <ClCompile Include="libtorrent\src\kademlia\msg.cpp">
      <Filter>소스 파일</Filter>
    </ClCompile>
    <ClCompile Include="libtorrent\src\kademlia\node.cpp">
      <Filter>소스 파일</Filter>
    </ClCompile>
    <ClCompile Include="libtorrent\src\kademlia\node_entry.cpp">
      <Filter>소스 파일</Filter>
    </ClCompile>
    <ClCompile Include="libtorrent\src\kademlia\node_id.cpp">
      <Filter>소스 파일</Filter>
    </ClCompile>
    <ClCompile Include="libtorrent\src\kademlia\put_data.cpp">
      <Filter>소스 파일</Filter>
    </ClCompile>
    <ClCompile Include="libtorrent\src\kademlia\refresh.cpp">
      <Filter>소스 파일</Filter>
    </ClCompile>
    <ClCompile Include="libtorrent\src\kademlia\routing_table.cpp">
      <Filter>소스 파일</Filter>
    </ClCompile>
    <ClCompile Include="libtorrent\src\kademlia\rpc_manager.cpp">
      <Filter>소스 파일</Filter>
    </ClCompile>
    <ClCompile Include="libtorrent\src\kademlia\traversal_algorithm.cpp">
      <Filter>소스 파일</Filter>
    </ClCompile>
    <ClCompile Include="libtorrent\src\lazy_bdecode.cpp">
      <Filter>소스 파일</Filter>
    </ClCompile>
    <ClCompile Include="libtorrent\src\lsd.cpp">
      <Filter>소스 파일</Filter>
    </ClCompile>
    <ClCompile Include="libtorrent\src\lt_trackers.cpp">
      <Filter>소스 파일</Filter>
    </ClCompile>
    <ClCompile Include="libtorrent\src\magnet_uri.cpp">
      <Filter>소스 파일</Filter>
    </ClCompile>
    <ClCompile Include="libtorrent\src\merkle.cpp">
      <Filter>소스 파일</Filter>
    </ClCompile>
    <ClCompile Include="libtorrent\src\metadata_transfer.cpp">
      <Filter>소스 파일</Filter>
    </ClCompile>
    <ClCompile Include="libtorrent\src\mpi.cpp">
      <Filter>소스 파일</Filter>
    </ClCompile>
    <ClCompile Include="libtorrent\src\natpmp.cpp">
      <Filter>소스 파일</Filter>
    </ClCompile>
    <ClCompile Include="libtorrent\src\packet_buffer.cpp">
      <Filter>소스 파일</Filter>
    </ClCompile>
    <ClCompile Include="libtorrent\src\parse_url.cpp">
      <Filter>소스 파일</Filter>
    </ClCompile>
    <ClCompile Include="libtorrent\src\part_file.cpp">
      <Filter>소스 파일</Filter>
    </ClCompile>
    <ClCompile Include="libtorrent\src\peer_class.cpp">
      <Filter>소스 파일</Filter>
    </ClCompile>
    <ClCompile Include="libtorrent\src\peer_class_set.cpp">
      <Filter>소스 파일</Filter>
    </ClCompile>
    <ClCompile Include="libtorrent\src\peer_connection.cpp">
      <Filter>소스 파일</Filter>
    </ClCompile>
    <ClCompile Include="libtorrent\src\peer_connection_handle.cpp">
      <Filter>소스 파일</Filter>
    </ClCompile>
    <ClCompile Include="libtorrent\src\peer_list.cpp">
      <Filter>소스 파일</Filter>
    </ClCompile>
    <ClCompile Include="libtorrent\src\performance_counters.cpp">
      <Filter>소스 파일</Filter>
    </ClCompile>
    <ClCompile Include="libtorrent\src\pe_crypto.cpp">
      <Filter>소스 파일</Filter>
    </ClCompile>
    <ClCompile Include="libtorrent\src\piece_picker.cpp">
      <Filter>소스 파일</Filter>
    </ClCompile>
    <ClCompile Include="libtorrent\src\platform_util.cpp">
      <Filter>소스 파일</Filter>
    </ClCompile>
    <ClCompile Include="libtorrent\src\proxy_base.cpp">
      <Filter>소스 파일</Filter>
    </ClCompile>
    <ClCompile Include="libtorrent\src\proxy_settings.cpp">
      <Filter>소스 파일</Filter>
    </ClCompile>
    <ClCompile Include="libtorrent\src\puff.cpp">
      <Filter>소스 파일</Filter>
    </ClCompile>
    <ClCompile Include="libtorrent\src\random.cpp">
      <Filter>소스 파일</Filter>
    </ClCompile>
    <ClCompile Include="libtorrent\src\receive_buffer.cpp">
      <Filter>소스 파일</Filter>
    </ClCompile>
    <ClCompile Include="libtorrent\src\request_blocks.cpp">
      <Filter>소스 파일</Filter>
    </ClCompile>
    <ClCompile Include="libtorrent\src\resolver.cpp">
      <Filter>소스 파일</Filter>
    </ClCompile>
    <ClCompile Include="libtorrent\src\resolve_links.cpp">
      <Filter>소스 파일</Filter>
    </ClCompile>
    <ClCompile Include="libtorrent\src\rss.cpp">
      <Filter>소스 파일</Filter>
    </ClCompile>
    <ClCompile Include="libtorrent\src\session.cpp">
      <Filter>소스 파일</Filter>
    </ClCompile>
    <ClCompile Include="libtorrent\src\session_call.cpp">
      <Filter>소스 파일</Filter>
    </ClCompile>
    <ClCompile Include="libtorrent\src\session_handle.cpp">
      <Filter>소스 파일</Filter>
    </ClCompile>
    <ClCompile Include="libtorrent\src\session_impl.cpp">
      <Filter>소스 파일</Filter>
    </ClCompile>
    <ClCompile Include="libtorrent\src\session_settings.cpp">
      <Filter>소스 파일</Filter>
    </ClCompile>
    <ClCompile Include="libtorrent\src\session_stats.cpp">
      <Filter>소스 파일</Filter>
    </ClCompile>
    <ClCompile Include="libtorrent\src\settings_pack.cpp">
      <Filter>소스 파일</Filter>
    </ClCompile>
    <ClCompile Include="libtorrent\src\sha1.cpp">
      <Filter>소스 파일</Filter>
    </ClCompile>
    <ClCompile Include="libtorrent\src\smart_ban.cpp">
      <Filter>소스 파일</Filter>
    </ClCompile>
    <ClCompile Include="libtorrent\src\socket_io.cpp">
      <Filter>소스 파일</Filter>
    </ClCompile>
    <ClCompile Include="libtorrent\src\socket_type.cpp">
      <Filter>소스 파일</Filter>
    </ClCompile>
    <ClCompile Include="libtorrent\src\socks5_stream.cpp">
      <Filter>소스 파일</Filter>
    </ClCompile>
    <ClCompile Include="libtorrent\src\stat.cpp">
      <Filter>소스 파일</Filter>
    </ClCompile>
    <ClCompile Include="libtorrent\src\stat_cache.cpp">
      <Filter>소스 파일</Filter>
    </ClCompile>
    <ClCompile Include="libtorrent\src\storage.cpp">
      <Filter>소스 파일</Filter>
    </ClCompile>
    <ClCompile Include="libtorrent\src\string_util.cpp">
      <Filter>소스 파일</Filter>
    </ClCompile>
    <ClCompile Include="libtorrent\src\thread.cpp">
      <Filter>소스 파일</Filter>
    </ClCompile>
    <ClCompile Include="libtorrent\src\time.cpp">
      <Filter>소스 파일</Filter>
    </ClCompile>
    <ClCompile Include="libtorrent\src\timestamp_history.cpp">
      <Filter>소스 파일</Filter>
    </ClCompile>
    <ClCompile Include="libtorrent\src\torrent.cpp">
      <Filter>소스 파일</Filter>
    </ClCompile>
    <ClCompile Include="libtorrent\src\torrent_handle.cpp">
      <Filter>소스 파일</Filter>
    </ClCompile>
    <ClCompile Include="libtorrent\src\torrent_info.cpp">
      <Filter>소스 파일</Filter>
    </ClCompile>
    <ClCompile Include="libtorrent\src\torrent_peer.cpp">
      <Filter>소스 파일</Filter>
    </ClCompile>
    <ClCompile Include="libtorrent\src\torrent_peer_allocator.cpp">
      <Filter>소스 파일</Filter>
    </ClCompile>
    <ClCompile Include="libtorrent\src\torrent_status.cpp">
      <Filter>소스 파일</Filter>
    </ClCompile>
    <ClCompile Include="libtorrent\src\tracker_manager.cpp">
      <Filter>소스 파일</Filter>
    </ClCompile>
    <ClCompile Include="libtorrent\src\udp_socket.cpp">
      <Filter>소스 파일</Filter>
    </ClCompile>
    <ClCompile Include="libtorrent\src\udp_tracker_connection.cpp">
      <Filter>소스 파일</Filter>
    </ClCompile>
    <ClCompile Include="libtorrent\src\upnp.cpp">
      <Filter>소스 파일</Filter>
    </ClCompile>
    <ClCompile Include="libtorrent\src\utf8.cpp">
      <Filter>소스 파일</Filter>
    </ClCompile>
    <ClCompile Include="libtorrent\src\utp_socket_manager.cpp">
      <Filter>소스 파일</Filter>
    </ClCompile>
    <ClCompile Include="libtorrent\src\utp_stream.cpp">
      <Filter>소스 파일</Filter>
    </ClCompile>
    <ClCompile Include="libtorrent\src\ut_metadata.cpp">
      <Filter>소스 파일</Filter>
    </ClCompile>
    <ClCompile Include="libtorrent\src\ut_pex.cpp">
      <Filter>소스 파일</Filter>
    </ClCompile>
    <ClCompile Include="libtorrent\src\version.cpp">
      <Filter>소스 파일</Filter>
    </ClCompile>
    <ClCompile Include="libtorrent\src\web_connection_base.cpp">
      <Filter>소스 파일</Filter>
    </ClCompile>
    <ClCompile Include="libtorrent\src\web_peer_connection.cpp">
      <Filter>소스 파일</Filter>
    </ClCompile>
    <ClCompile Include="libtorrent\src\xml_parse.cpp">
      <Filter>소스 파일</Filter>
    </ClCompile>
  </ItemGroup>
</Project>